{
  "name": "react-native-thumbnail-grid",
  "version": "0.1.4",
  "lockfileVersion": 1,
  "requires": true,
  "dependencies": {
    "react-native-image-placeholder": {
      "version": "1.0.12",
      "resolved": "https://registry.npmjs.org/react-native-image-placeholder/-/react-native-image-placeholder-1.0.12.tgz",
      "integrity": "sha1-njAnqX1mNyIe2am6FO4w2V8KoQ0="
    }
  }
}
